{
  "name": "vite-svelte",
  "lockfileVersion": 3,
  "requires": true,
  "packages": {
    "": {
      "dependencies": {
        "@ibm/plex": "^6.4.1",
        "i": "^0.3.7"
      }
    },
    "node_modules/@ibm/plex": {
      "version": "6.4.1",
      "resolved": "https://registry.npmjs.org/@ibm/plex/-/plex-6.4.1.tgz",
      "integrity": "sha512-fnsipQywHt3zWvsnlyYKMikcVI7E2fEwpiPnIHFqlbByXVfQfANAAeJk1IV4mNnxhppUIDlhU0TzwYwL++Rn2g==",
      "hasInstallScript": true,
      "dependencies": {
        "@ibm/telemetry-js": "^1.5.1"
      }
    },
    "node_modules/@ibm/telemetry-js": {
      "version": "1.8.0",
      "resolved": "https://registry.npmjs.org/@ibm/telemetry-js/-/telemetry-js-1.8.0.tgz",
      "integrity": "sha512-1u/8f5TtDHXWNQe+YfIESesZGX2PmhEfyU0znlyFvATch+xc5fPYjXj2gWKMTmdKsDawqAm/BkJBQjx2CDlZww==",
      "bin": {
        "ibmtelemetry": "dist/collect.js"
      }
    },
    "node_modules/i": {
      "version": "0.3.7",
      "resolved": "https://registry.npmjs.org/i/-/i-0.3.7.tgz",
      "integrity": "sha512-FYz4wlXgkQwIPqhzC5TdNMLSE5+GS1IIDJZY/1ZiEPCT2S3COUVZeT5OW4BmW4r5LHLQuOosSwsvnroG9GR59Q==",
      "engines": {
        "node": ">=0.4"
      }
    }
  }
}
